
Microsoft Visual Studio Solution File, Format Version 12.00
# Visual Studio Version 17
VisualStudioVersion = 17.13.35913.81
MinimumVisualStudioVersion = 10.0.40219.1
Project("{FAE04EC0-301F-11D3-BF4B-00C04F79EFBC}") = "Laundry_Online_Web_FE", "Laundry_Online_Web_FE\Laundry_Online_Web_FE.csproj", "{C6199A13-EBCF-4282-882C-7321A450C5B0}"
EndProject
Global
	GlobalSection(SolutionConfigurationPlatforms) = preSolution
		Debug|Any CPU = Debug|Any CPU
		Release|Any CPU = Release|Any CPU
	EndGlobalSection
	GlobalSection(ProjectConfigurationPlatforms) = postSolution
		{C6199A13-EBCF-4282-882C-7321A450C5B0}.Debug|Any CPU.ActiveCfg = Debug|Any CPU
		{C6199A13-EBCF-4282-882C-7321A450C5B0}.Debug|Any CPU.Build.0 = Debug|Any CPU
		{C6199A13-EBCF-4282-882C-7321A450C5B0}.Release|Any CPU.ActiveCfg = Release|Any CPU
		{C6199A13-EBCF-4282-882C-7321A450C5B0}.Release|Any CPU.Build.0 = Release|Any CPU
	EndGlobalSection
	GlobalSection(SolutionProperties) = preSolution
		HideSolutionNode = FALSE
	EndGlobalSection
	GlobalSection(ExtensibilityGlobals) = postSolution
		SolutionGuid = {E377D3C2-015D-466C-AE27-4B7640E161E3}
	EndGlobalSection
EndGlobal
